
Microsoft Visual Studio Solution File, Format Version 12.00
# Visual Studio Version 16
VisualStudioVersion = 16.0.31729.503
MinimumVisualStudioVersion = 10.0.40219.1
Project("{FAE04EC0-301F-11D3-BF4B-00C04F79EFBC}") = "AspNetCoreBlazorApp", "AspNetCoreBlazorApp\AspNetCoreBlazorApp.csproj", "{5BAF2744-6E83-4128-993D-D884C3ED18EE}"
EndProject
Global
	GlobalSection(SolutionConfigurationPlatforms) = preSolution
		Debug|Any CPU = Debug|Any CPU
		Release|Any CPU = Release|Any CPU
	EndGlobalSection
	GlobalSection(ProjectConfigurationPlatforms) = postSolution
		{5BAF2744-6E83-4128-993D-D884C3ED18EE}.Debug|Any CPU.ActiveCfg = Debug|Any CPU
		{5BAF2744-6E83-4128-993D-D884C3ED18EE}.Debug|Any CPU.Build.0 = Debug|Any CPU
		{5BAF2744-6E83-4128-993D-D884C3ED18EE}.Release|Any CPU.ActiveCfg = Release|Any CPU
		{5BAF2744-6E83-4128-993D-D884C3ED18EE}.Release|Any CPU.Build.0 = Release|Any CPU
	EndGlobalSection
	GlobalSection(SolutionProperties) = preSolution
		HideSolutionNode = FALSE
	EndGlobalSection
	GlobalSection(ExtensibilityGlobals) = postSolution
		SolutionGuid = {26468EAF-42AD-4EF4-9915-4E4C71F51503}
	EndGlobalSection
EndGlobal
