
Microsoft Visual Studio Solution File, Format Version 12.00
# Visual Studio Version 17
VisualStudioVersion = 17.8.34330.188
MinimumVisualStudioVersion = 10.0.40219.1
Project("{FAE04EC0-301F-11D3-BF4B-00C04F79EFBC}") = "BlazorApp", "BlazorApp\BlazorApp.csproj", "{326E1B4F-BF0C-4BAE-885C-BFC45027BF0F}"
EndProject
Global
	GlobalSection(SolutionConfigurationPlatforms) = preSolution
		Debug|Any CPU = Debug|Any CPU
		Release|Any CPU = Release|Any CPU
	EndGlobalSection
	GlobalSection(ProjectConfigurationPlatforms) = postSolution
		{326E1B4F-BF0C-4BAE-885C-BFC45027BF0F}.Debug|Any CPU.ActiveCfg = Debug|Any CPU
		{326E1B4F-BF0C-4BAE-885C-BFC45027BF0F}.Debug|Any CPU.Build.0 = Debug|Any CPU
		{326E1B4F-BF0C-4BAE-885C-BFC45027BF0F}.Release|Any CPU.ActiveCfg = Release|Any CPU
		{326E1B4F-BF0C-4BAE-885C-BFC45027BF0F}.Release|Any CPU.Build.0 = Release|Any CPU
	EndGlobalSection
	GlobalSection(SolutionProperties) = preSolution
		HideSolutionNode = FALSE
	EndGlobalSection
	GlobalSection(ExtensibilityGlobals) = postSolution
		SolutionGuid = {26468EAF-42AD-4EF4-9915-4E4C71F51503}
	EndGlobalSection
EndGlobal
